{
  "name": "@react-hooks-utils/use-event",
  "version": "1.0.0",
  "lockfileVersion": 1,
  "requires": true,
  "dependencies": {
    "@babel/runtime": {
      "version": "7.4.3",
      "resolved": "https://registry.npmjs.org/@babel/runtime/-/runtime-7.4.3.tgz",
      "integrity": "sha512-9lsJwJLxDh/T3Q3SZszfWOTkk3pHbkmH+3KY+zwIDmsNlxsumuhS2TH3NIpktU4kNvfzy+k3eLT7aTJSPTo0OA==",
      "dev": true,
      "requires": {
        "regenerator-runtime": "^0.13.2"
      }
    },
    "@jest/types": {
      "version": "24.7.0",
      "resolved": "https://registry.npmjs.org/@jest/types/-/types-24.7.0.tgz",
      "integrity": "sha512-ipJUa2rFWiKoBqMKP63Myb6h9+iT3FHRTF2M8OR6irxWzItisa8i4dcSg14IbvmXUnBlHBlUQPYUHWyX3UPpYA==",
      "dev": true,
      "requires": {
        "@types/istanbul-lib-coverage": "^2.0.0",
        "@types/yargs": "^12.0.9"
      }
    },
    "@sheerun/mutationobserver-shim": {
      "version": "0.3.2",
      "resolved": "https://registry.npmjs.org/@sheerun/mutationobserver-shim/-/mutationobserver-shim-0.3.2.tgz",
      "integrity": "sha512-vTCdPp/T/Q3oSqwHmZ5Kpa9oI7iLtGl3RQaA/NyLHikvcrPxACkkKVr/XzkSPJWXHRhKGzVvb0urJsbMlRxi1Q==",
      "dev": true
    },
    "@types/istanbul-lib-coverage": {
      "version": "2.0.0",
      "resolved": "https://registry.npmjs.org/@types/istanbul-lib-coverage/-/istanbul-lib-coverage-2.0.0.tgz",
      "integrity": "sha512-eAtOAFZefEnfJiRFQBGw1eYqa5GTLCZ1y86N0XSI/D6EB+E8z6VPV/UL7Gi5UEclFqoQk+6NRqEDsfmDLXn8sg==",
      "dev": true
    },
    "@types/yargs": {
      "version": "12.0.11",
      "resolved": "https://registry.npmjs.org/@types/yargs/-/yargs-12.0.11.tgz",
      "integrity": "sha512-IsU1TD+8cQCyG76ZqxP0cVFnofvfzT8p/wO8ENT4jbN/KKN3grsHFgHNl/U+08s33ayX4LwI85cEhYXCOlOkMw==",
      "dev": true
    },
    "ansi-regex": {
      "version": "4.1.0",
      "resolved": "https://registry.npmjs.org/ansi-regex/-/ansi-regex-4.1.0.tgz",
      "integrity": "sha512-1apePfXM1UOSqw0o9IiFAovVz9M5S1Dg+4TrDwfMewQ6p/rmMueb7tWZjQ1rx4Loy1ArBggoqGpfqqdI4rondg==",
      "dev": true
    },
    "ansi-styles": {
      "version": "3.2.1",
      "resolved": "https://registry.npmjs.org/ansi-styles/-/ansi-styles-3.2.1.tgz",
      "integrity": "sha512-VT0ZI6kZRdTh8YyJw3SMbYm/u+NqfsAxEpWO0Pf9sq8/e94WxxOpPKx9FR1FlyCtOVDNOQ+8ntlqFxiRc+r5qA==",
      "dev": true,
      "requires": {
        "color-convert": "^1.9.0"
      }
    },
    "color-convert": {
      "version": "1.9.3",
      "resolved": "https://registry.npmjs.org/color-convert/-/color-convert-1.9.3.tgz",
      "integrity": "sha512-QfAUtd+vFdAtFQcC8CCyYt1fYWxSqAiK2cSD6zDB8N3cpsEBAvRxp9zOGg6G/SHHJYAT88/az/IuDGALsNVbGg==",
      "dev": true,
      "requires": {
        "color-name": "1.1.3"
      }
    },
    "color-name": {
      "version": "1.1.3",
      "resolved": "https://registry.npmjs.org/color-name/-/color-name-1.1.3.tgz",
      "integrity": "sha1-p9BVi9icQveV3UIyj3QIMcpTvCU=",
      "dev": true
    },
    "dom-testing-library": {
      "version": "3.19.0",
      "resolved": "https://registry.npmjs.org/dom-testing-library/-/dom-testing-library-3.19.0.tgz",
      "integrity": "sha512-gkGXP5GevcjC24Tk6Y6RwrZ7Nz0Ul4bchXV4yHLcnMidMp/EdBCvtHEgHTsZ2yZ4DhUpLowGbJv/1u1Z7bPvtw==",
      "dev": true,
      "requires": {
        "@babel/runtime": "^7.3.4",
        "@sheerun/mutationobserver-shim": "^0.3.2",
        "pretty-format": "^24.5.0",
        "wait-for-expect": "^1.1.0"
      }
    },
    "js-tokens": {
      "version": "4.0.0",
      "resolved": "https://registry.npmjs.org/js-tokens/-/js-tokens-4.0.0.tgz",
      "integrity": "sha512-RdJUflcE3cUzKiMqQgsCu06FPu9UdIJO0beYbPhHN4k6apgJtifcoCtT9bcxOpYBtpD2kCM6Sbzg4CausW/PKQ==",
      "dev": true
    },
    "loose-envify": {
      "version": "1.4.0",
      "resolved": "https://registry.npmjs.org/loose-envify/-/loose-envify-1.4.0.tgz",
      "integrity": "sha512-lyuxPGr/Wfhrlem2CL/UcnUc1zcqKAImBDzukY7Y5F/yQiNdko6+fRLevlw1HgMySw7f611UIY408EtxRSoK3Q==",
      "dev": true,
      "requires": {
        "js-tokens": "^3.0.0 || ^4.0.0"
      }
    },
    "object-assign": {
      "version": "4.1.1",
      "resolved": "https://registry.npmjs.org/object-assign/-/object-assign-4.1.1.tgz",
      "integrity": "sha1-IQmtx5ZYh8/AXLvUQsrIv7s2CGM=",
      "dev": true
    },
    "pretty-format": {
      "version": "24.7.0",
      "resolved": "https://registry.npmjs.org/pretty-format/-/pretty-format-24.7.0.tgz",
      "integrity": "sha512-apen5cjf/U4dj7tHetpC7UEFCvtAgnNZnBDkfPv3fokzIqyOJckAG9OlAPC1BlFALnqT/lGB2tl9EJjlK6eCsA==",
      "dev": true,
      "requires": {
        "@jest/types": "^24.7.0",
        "ansi-regex": "^4.0.0",
        "ansi-styles": "^3.2.0",
        "react-is": "^16.8.4"
      }
    },
    "prop-types": {
      "version": "15.7.2",
      "resolved": "https://registry.npmjs.org/prop-types/-/prop-types-15.7.2.tgz",
      "integrity": "sha512-8QQikdH7//R2vurIJSutZ1smHYTcLpRWEOlHnzcWHmBYrOGUysKwSsrC89BCiFj3CbrfJ/nXFdJepOVrY1GCHQ==",
      "dev": true,
      "requires": {
        "loose-envify": "^1.4.0",
        "object-assign": "^4.1.1",
        "react-is": "^16.8.1"
      }
    },
    "react": {
      "version": "16.8.6",
      "resolved": "https://registry.npmjs.org/react/-/react-16.8.6.tgz",
      "integrity": "sha512-pC0uMkhLaHm11ZSJULfOBqV4tIZkx87ZLvbbQYunNixAAvjnC+snJCg0XQXn9VIsttVsbZP/H/ewzgsd5fxKXw==",
      "dev": true,
      "requires": {
        "loose-envify": "^1.1.0",
        "object-assign": "^4.1.1",
        "prop-types": "^15.6.2",
        "scheduler": "^0.13.6"
      }
    },
    "react-dom": {
      "version": "16.8.6",
      "resolved": "https://registry.npmjs.org/react-dom/-/react-dom-16.8.6.tgz",
      "integrity": "sha512-1nL7PIq9LTL3fthPqwkvr2zY7phIPjYrT0jp4HjyEQrEROnw4dG41VVwi/wfoCneoleqrNX7iAD+pXebJZwrwA==",
      "dev": true,
      "requires": {
        "loose-envify": "^1.1.0",
        "object-assign": "^4.1.1",
        "prop-types": "^15.6.2",
        "scheduler": "^0.13.6"
      }
    },
    "react-is": {
      "version": "16.8.6",
      "resolved": "https://registry.npmjs.org/react-is/-/react-is-16.8.6.tgz",
      "integrity": "sha512-aUk3bHfZ2bRSVFFbbeVS4i+lNPZr3/WM5jT2J5omUVV1zzcs1nAaf3l51ctA5FFvCRbhrH0bdAsRRQddFJZPtA==",
      "dev": true
    },
    "react-testing-library": {
      "version": "6.1.2",
      "resolved": "https://registry.npmjs.org/react-testing-library/-/react-testing-library-6.1.2.tgz",
      "integrity": "sha512-z69lhRDGe7u/NOjDCeFRoe1cB5ckJ4656n0tj/Fdcr6OoBUu7q9DBw0ftR7v5i3GRpdSWelnvl+feZFOyXyxwg==",
      "dev": true,
      "requires": {
        "@babel/runtime": "^7.4.2",
        "dom-testing-library": "^3.19.0"
      }
    },
    "regenerator-runtime": {
      "version": "0.13.2",
      "resolved": "https://registry.npmjs.org/regenerator-runtime/-/regenerator-runtime-0.13.2.tgz",
      "integrity": "sha512-S/TQAZJO+D3m9xeN1WTI8dLKBBiRgXBlTJvbWjCThHWZj9EvHK70Ff50/tYj2J/fvBY6JtFVwRuazHN2E7M9BA==",
      "dev": true
    },
    "scheduler": {
      "version": "0.13.6",
      "resolved": "https://registry.npmjs.org/scheduler/-/scheduler-0.13.6.tgz",
      "integrity": "sha512-IWnObHt413ucAYKsD9J1QShUKkbKLQQHdxRyw73sw4FN26iWr3DY/H34xGPe4nmL1DwXyWmSWmMrA9TfQbE/XQ==",
      "dev": true,
      "requires": {
        "loose-envify": "^1.1.0",
        "object-assign": "^4.1.1"
      }
    },
    "wait-for-expect": {
      "version": "1.1.1",
      "resolved": "https://registry.npmjs.org/wait-for-expect/-/wait-for-expect-1.1.1.tgz",
      "integrity": "sha512-vd9JOqqEcBbCDhARWhW85ecjaEcfBLuXgVBqatfS3iw6oU4kzAcs+sCNjF+TC9YHPImCW7ypsuQc+htscIAQCw==",
      "dev": true
    }
  }
}
